// !$*UTF8*$!
{
	archiveVersion = 1;
	classes = {
	};
	objectVersion = 46;
	objects = {

/* Begin PBXBuildFile section */
		1B982DB41BF0AB610070E01D /* main.m in Sources */ = {isa = PBXBuildFile; fileRef = 1B982DB31BF0AB610070E01D /* main.m */; };
		1B982DB71BF0AB610070E01D /* AppDelegate.m in Sources */ = {isa = PBXBuildFile; fileRef = 1B982DB61BF0AB610070E01D /* AppDelegate.m */; };
		1B982DC01BF0AB620070E01D /* Main.storyboard in Resources */ = {isa = PBXBuildFile; fileRef = 1B982DBE1BF0AB620070E01D /* Main.storyboard */; };
		1B982DC21BF0AB620070E01D /* Images.xcassets in Resources */ = {isa = PBXBuildFile; fileRef = 1B982DC11BF0AB620070E01D /* Images.xcassets */; };
		1B982DC51BF0AB620070E01D /* LaunchScreen.xib in Resources */ = {isa = PBXBuildFile; fileRef = 1B982DC31BF0AB620070E01D /* LaunchScreen.xib */; };
		1B982DD11BF0AB620070E01D /* CoreDataSampleTests.m in Sources */ = {isa = PBXBuildFile; fileRef = 1B982DD01BF0AB620070E01D /* CoreDataSampleTests.m */; };
		1B982DE11BF0AECA0070E01D /* TableViewController.m in Sources */ = {isa = PBXBuildFile; fileRef = 1B982DE01BF0AECA0070E01D /* TableViewController.m */; };
		1B982DE41BF0AF4B0070E01D /* Contact.m in Sources */ = {isa = PBXBuildFile; fileRef = 1B982DE31BF0AF4B0070E01D /* Contact.m */; };
		1B982DEC1BF0B0990070E01D /* Model.xcdatamodeld in Sources */ = {isa = PBXBuildFile; fileRef = 1B982DEA1BF0B0990070E01D /* Model.xcdatamodeld */; };
		1B982DF01BF0E19E0070E01D /* CoreDataManager.m in Sources */ = {isa = PBXBuildFile; fileRef = 1B982DEF1BF0E19E0070E01D /* CoreDataManager.m */; };
		1B982DF41BF0E59C0070E01D /* PersistenceHelper.m in Sources */ = {isa = PBXBuildFile; fileRef = 1B982DF31BF0E59C0070E01D /* PersistenceHelper.m */; };
		1B982DF81BF0EEB70070E01D /* CoreDataContact.m in Sources */ = {isa = PBXBuildFile; fileRef = 1B982DF71BF0EEB70070E01D /* CoreDataContact.m */; };
/* End PBXBuildFile section */

/* Begin PBXContainerItemProxy section */
		1B982DCB1BF0AB620070E01D /* PBXContainerItemProxy */ = {
			isa = PBXContainerItemProxy;
			containerPortal = 1B982DA61BF0AB610070E01D /* Project object */;
			proxyType = 1;
			remoteGlobalIDString = 1B982DAD1BF0AB610070E01D;
			remoteInfo = CoreDataSample;
		};
/* End PBXContainerItemProxy section */

/* Begin PBXFileReference section */
		1B982DAE1BF0AB610070E01D /* CoreDataSample.app */ = {isa = PBXFileReference; explicitFileType = wrapper.application; includeInIndex = 0; path = CoreDataSample.app; sourceTree = BUILT_PRODUCTS_DIR; };
		1B982DB21BF0AB610070E01D /* Info.plist */ = {isa = PBXFileReference; lastKnownFileType = text.plist.xml; path = Info.plist; sourceTree = "<group>"; };
		1B982DB31BF0AB610070E01D /* main.m */ = {isa = PBXFileReference; lastKnownFileType = sourcecode.c.objc; path = main.m; sourceTree = "<group>"; };
		1B982DB51BF0AB610070E01D /* AppDelegate.h */ = {isa = PBXFileReference; lastKnownFileType = sourcecode.c.h; path = AppDelegate.h; sourceTree = "<group>"; };
		1B982DB61BF0AB610070E01D /* AppDelegate.m */ = {isa = PBXFileReference; lastKnownFileType = sourcecode.c.objc; path = AppDelegate.m; sourceTree = "<group>"; };
		1B982DBF1BF0AB620070E01D /* Base */ = {isa = PBXFileReference; lastKnownFileType = file.storyboard; name = Base; path = Base.lproj/Main.storyboard; sourceTree = "<group>"; };
		1B982DC11BF0AB620070E01D /* Images.xcassets */ = {isa = PBXFileReference; lastKnownFileType = folder.assetcatalog; path = Images.xcassets; sourceTree = "<group>"; };
		1B982DC41BF0AB620070E01D /* Base */ = {isa = PBXFileReference; lastKnownFileType = file.xib; name = Base; path = Base.lproj/LaunchScreen.xib; sourceTree = "<group>"; };
		1B982DCA1BF0AB620070E01D /* CoreDataSampleTests.xctest */ = {isa = PBXFileReference; explicitFileType = wrapper.cfbundle; includeInIndex = 0; path = CoreDataSampleTests.xctest; sourceTree = BUILT_PRODUCTS_DIR; };
		1B982DCF1BF0AB620070E01D /* Info.plist */ = {isa = PBXFileReference; lastKnownFileType = text.plist.xml; path = Info.plist; sourceTree = "<group>"; };
		1B982DD01BF0AB620070E01D /* CoreDataSampleTests.m */ = {isa = PBXFileReference; lastKnownFileType = sourcecode.c.objc; path = CoreDataSampleTests.m; sourceTree = "<group>"; };
		1B982DDF1BF0AECA0070E01D /* TableViewController.h */ = {isa = PBXFileReference; fileEncoding = 4; lastKnownFileType = sourcecode.c.h; path = TableViewController.h; sourceTree = "<group>"; };
		1B982DE01BF0AECA0070E01D /* TableViewController.m */ = {isa = PBXFileReference; fileEncoding = 4; lastKnownFileType = sourcecode.c.objc; path = TableViewController.m; sourceTree = "<group>"; };
		1B982DE21BF0AF4B0070E01D /* Contact.h */ = {isa = PBXFileReference; fileEncoding = 4; lastKnownFileType = sourcecode.c.h; path = Contact.h; sourceTree = "<group>"; };
		1B982DE31BF0AF4B0070E01D /* Contact.m */ = {isa = PBXFileReference; fileEncoding = 4; lastKnownFileType = sourcecode.c.objc; path = Contact.m; sourceTree = "<group>"; };
		1B982DEB1BF0B0990070E01D /* Model.xcdatamodel */ = {isa = PBXFileReference; lastKnownFileType = wrapper.xcdatamodel; path = Model.xcdatamodel; sourceTree = "<group>"; };
		1B982DEE1BF0E19E0070E01D /* CoreDataManager.h */ = {isa = PBXFileReference; fileEncoding = 4; lastKnownFileType = sourcecode.c.h; path = CoreDataManager.h; sourceTree = "<group>"; };
		1B982DEF1BF0E19E0070E01D /* CoreDataManager.m */ = {isa = PBXFileReference; fileEncoding = 4; lastKnownFileType = sourcecode.c.objc; path = CoreDataManager.m; sourceTree = "<group>"; };
		1B982DF21BF0E59C0070E01D /* PersistenceHelper.h */ = {isa = PBXFileReference; fileEncoding = 4; lastKnownFileType = sourcecode.c.h; path = PersistenceHelper.h; sourceTree = "<group>"; };
		1B982DF31BF0E59C0070E01D /* PersistenceHelper.m */ = {isa = PBXFileReference; fileEncoding = 4; lastKnownFileType = sourcecode.c.objc; path = PersistenceHelper.m; sourceTree = "<group>"; };
		1B982DF61BF0EEB70070E01D /* CoreDataContact.h */ = {isa = PBXFileReference; fileEncoding = 4; lastKnownFileType = sourcecode.c.h; path = CoreDataContact.h; sourceTree = "<group>"; };
		1B982DF71BF0EEB70070E01D /* CoreDataContact.m */ = {isa = PBXFileReference; fileEncoding = 4; lastKnownFileType = sourcecode.c.objc; path = CoreDataContact.m; sourceTree = "<group>"; };
/* End PBXFileReference section */

/* Begin PBXFrameworksBuildPhase section */
		1B982DAB1BF0AB610070E01D /* Frameworks */ = {
			isa = PBXFrameworksBuildPhase;
			buildActionMask = 2147483647;
			files = (
			);
			runOnlyForDeploymentPostprocessing = 0;
		};
		1B982DC71BF0AB620070E01D /* Frameworks */ = {
			isa = PBXFrameworksBuildPhase;
			buildActionMask = 2147483647;
			files = (
			);
			runOnlyForDeploymentPostprocessing = 0;
		};
/* End PBXFrameworksBuildPhase section */

/* Begin PBXGroup section */
		1B982DA51BF0AB610070E01D = {
			isa = PBXGroup;
			children = (
				1B982DB01BF0AB610070E01D /* CoreDataSample */,
				1B982DCD1BF0AB620070E01D /* CoreDataSampleTests */,
				1B982DAF1BF0AB610070E01D /* Products */,
			);
			sourceTree = "<group>";
		};
		1B982DAF1BF0AB610070E01D /* Products */ = {
			isa = PBXGroup;
			children = (
				1B982DAE1BF0AB610070E01D /* CoreDataSample.app */,
				1B982DCA1BF0AB620070E01D /* CoreDataSampleTests.xctest */,
			);
			name = Products;
			sourceTree = "<group>";
		};
		1B982DB01BF0AB610070E01D /* CoreDataSample */ = {
			isa = PBXGroup;
			children = (
				1B982DF11BF0E5740070E01D /* Helper */,
				1B982DED1BF0E17C0070E01D /* Manager */,
				1B982DB51BF0AB610070E01D /* AppDelegate.h */,
				1B982DB61BF0AB610070E01D /* AppDelegate.m */,
				1B982DC11BF0AB620070E01D /* Images.xcassets */,
				1B982DC31BF0AB620070E01D /* LaunchScreen.xib */,
				1B982DBE1BF0AB620070E01D /* Main.storyboard */,
				1B982DDE1BF0AECA0070E01D /* Model */,
				1B982DEA1BF0B0990070E01D /* Model.xcdatamodeld */,
				1B982DB11BF0AB610070E01D /* Supporting Files */,
				1B982DDF1BF0AECA0070E01D /* TableViewController.h */,
				1B982DE01BF0AECA0070E01D /* TableViewController.m */,
			);
			path = CoreDataSample;
			sourceTree = "<group>";
		};
		1B982DB11BF0AB610070E01D /* Supporting Files */ = {
			isa = PBXGroup;
			children = (
				1B982DB21BF0AB610070E01D /* Info.plist */,
				1B982DB31BF0AB610070E01D /* main.m */,
			);
			name = "Supporting Files";
			sourceTree = "<group>";
		};
		1B982DCD1BF0AB620070E01D /* CoreDataSampleTests */ = {
			isa = PBXGroup;
			children = (
				1B982DD01BF0AB620070E01D /* CoreDataSampleTests.m */,
				1B982DCE1BF0AB620070E01D /* Supporting Files */,
			);
			path = CoreDataSampleTests;
			sourceTree = "<group>";
		};
		1B982DCE1BF0AB620070E01D /* Supporting Files */ = {
			isa = PBXGroup;
			children = (
				1B982DCF1BF0AB620070E01D /* Info.plist */,
			);
			name = "Supporting Files";
			sourceTree = "<group>";
		};
		1B982DDE1BF0AECA0070E01D /* Model */ = {
			isa = PBXGroup;
			children = (
				1B982DF51BF0EEA70070E01D /* CoreDataModel */,
				1B982DE21BF0AF4B0070E01D /* Contact.h */,
				1B982DE31BF0AF4B0070E01D /* Contact.m */,
			);
			path = Model;
			sourceTree = "<group>";
		};
		1B982DED1BF0E17C0070E01D /* Manager */ = {
			isa = PBXGroup;
			children = (
				1B982DEE1BF0E19E0070E01D /* CoreDataManager.h */,
				1B982DEF1BF0E19E0070E01D /* CoreDataManager.m */,
			);
			path = Manager;
			sourceTree = "<group>";
		};
		1B982DF11BF0E5740070E01D /* Helper */ = {
			isa = PBXGroup;
			children = (
				1B982DF21BF0E59C0070E01D /* PersistenceHelper.h */,
				1B982DF31BF0E59C0070E01D /* PersistenceHelper.m */,
			);
			path = Helper;
			sourceTree = "<group>";
		};
		1B982DF51BF0EEA70070E01D /* CoreDataModel */ = {
			isa = PBXGroup;
			children = (
				1B982DF61BF0EEB70070E01D /* CoreDataContact.h */,
				1B982DF71BF0EEB70070E01D /* CoreDataContact.m */,
			);
			path = CoreDataModel;
			sourceTree = "<group>";
		};
/* End PBXGroup section */

/* Begin PBXNativeTarget section */
		1B982DAD1BF0AB610070E01D /* CoreDataSample */ = {
			isa = PBXNativeTarget;
			buildConfigurationList = 1B982DD41BF0AB620070E01D /* Build configuration list for PBXNativeTarget "CoreDataSample" */;
			buildPhases = (
				1B982DAA1BF0AB610070E01D /* Sources */,
				1B982DAB1BF0AB610070E01D /* Frameworks */,
				1B982DAC1BF0AB610070E01D /* Resources */,
			);
			buildRules = (
			);
			dependencies = (
			);
			name = CoreDataSample;
			productName = CoreDataSample;
			productReference = 1B982DAE1BF0AB610070E01D /* CoreDataSample.app */;
			productType = "com.apple.product-type.application";
		};
		1B982DC91BF0AB620070E01D /* CoreDataSampleTests */ = {
			isa = PBXNativeTarget;
			buildConfigurationList = 1B982DD71BF0AB620070E01D /* Build configuration list for PBXNativeTarget "CoreDataSampleTests" */;
			buildPhases = (
				1B982DC61BF0AB620070E01D /* Sources */,
				1B982DC71BF0AB620070E01D /* Frameworks */,
				1B982DC81BF0AB620070E01D /* Resources */,
			);
			buildRules = (
			);
			dependencies = (
				1B982DCC1BF0AB620070E01D /* PBXTargetDependency */,
			);
			name = CoreDataSampleTests;
			productName = CoreDataSampleTests;
			productReference = 1B982DCA1BF0AB620070E01D /* CoreDataSampleTests.xctest */;
			productType = "com.apple.product-type.bundle.unit-test";
		};
/* End PBXNativeTarget section */

/* Begin PBXProject section */
		1B982DA61BF0AB610070E01D /* Project object */ = {
			isa = PBXProject;
			attributes = {
				LastUpgradeCheck = 0610;
				ORGANIZATIONNAME = mehtab;
				TargetAttributes = {
					1B982DAD1BF0AB610070E01D = {
						CreatedOnToolsVersion = 6.1.1;
					};
					1B982DC91BF0AB620070E01D = {
						CreatedOnToolsVersion = 6.1.1;
						TestTargetID = 1B982DAD1BF0AB610070E01D;
					};
				};
			};
			buildConfigurationList = 1B982DA91BF0AB610070E01D /* Build configuration list for PBXProject "CoreDataSample" */;
			compatibilityVersion = "Xcode 3.2";
			developmentRegion = English;
			hasScannedForEncodings = 0;
			knownRegions = (
				en,
				Base,
			);
			mainGroup = 1B982DA51BF0AB610070E01D;
			productRefGroup = 1B982DAF1BF0AB610070E01D /* Products */;
			projectDirPath = "";
			projectRoot = "";
			targets = (
				1B982DAD1BF0AB610070E01D /* CoreDataSample */,
				1B982DC91BF0AB620070E01D /* CoreDataSampleTests */,
			);
		};
/* End PBXProject section */

/* Begin PBXResourcesBuildPhase section */
		1B982DAC1BF0AB610070E01D /* Resources */ = {
			isa = PBXResourcesBuildPhase;
			buildActionMask = 2147483647;
			files = (
				1B982DC01BF0AB620070E01D /* Main.storyboard in Resources */,
				1B982DC51BF0AB620070E01D /* LaunchScreen.xib in Resources */,
				1B982DC21BF0AB620070E01D /* Images.xcassets in Resources */,
			);
			runOnlyForDeploymentPostprocessing = 0;
		};
		1B982DC81BF0AB620070E01D /* Resources */ = {
			isa = PBXResourcesBuildPhase;
			buildActionMask = 2147483647;
			files = (
			);
			runOnlyForDeploymentPostprocessing = 0;
		};
/* End PBXResourcesBuildPhase section */

/* Begin PBXSourcesBuildPhase section */
		1B982DAA1BF0AB610070E01D /* Sources */ = {
			isa = PBXSourcesBuildPhase;
			buildActionMask = 2147483647;
			files = (
				1B982DF01BF0E19E0070E01D /* CoreDataManager.m in Sources */,
				1B982DF41BF0E59C0070E01D /* PersistenceHelper.m in Sources */,
				1B982DB71BF0AB610070E01D /* AppDelegate.m in Sources */,
				1B982DF81BF0EEB70070E01D /* CoreDataContact.m in Sources */,
				1B982DE41BF0AF4B0070E01D /* Contact.m in Sources */,
				1B982DEC1BF0B0990070E01D /* Model.xcdatamodeld in Sources */,
				1B982DB41BF0AB610070E01D /* main.m in Sources */,
				1B982DE11BF0AECA0070E01D /* TableViewController.m in Sources */,
			);
			runOnlyForDeploymentPostprocessing = 0;
		};
		1B982DC61BF0AB620070E01D /* Sources */ = {
			isa = PBXSourcesBuildPhase;
			buildActionMask = 2147483647;
			files = (
				1B982DD11BF0AB620070E01D /* CoreDataSampleTests.m in Sources */,
			);
			runOnlyForDeploymentPostprocessing = 0;
		};
/* End PBXSourcesBuildPhase section */

/* Begin PBXTargetDependency section */
		1B982DCC1BF0AB620070E01D /* PBXTargetDependency */ = {
			isa = PBXTargetDependency;
			target = 1B982DAD1BF0AB610070E01D /* CoreDataSample */;
			targetProxy = 1B982DCB1BF0AB620070E01D /* PBXContainerItemProxy */;
		};
/* End PBXTargetDependency section */

/* Begin PBXVariantGroup section */
		1B982DBE1BF0AB620070E01D /* Main.storyboard */ = {
			isa = PBXVariantGroup;
			children = (
				1B982DBF1BF0AB620070E01D /* Base */,
			);
			name = Main.storyboard;
			sourceTree = "<group>";
		};
		1B982DC31BF0AB620070E01D /* LaunchScreen.xib */ = {
			isa = PBXVariantGroup;
			children = (
				1B982DC41BF0AB620070E01D /* Base */,
			);
			name = LaunchScreen.xib;
			sourceTree = "<group>";
		};
/* End PBXVariantGroup section */

/* Begin XCBuildConfiguration section */
		1B982DD21BF0AB620070E01D /* Debug */ = {
			isa = XCBuildConfiguration;
			buildSettings = {
				ALWAYS_SEARCH_USER_PATHS = NO;
				CLANG_CXX_LANGUAGE_STANDARD = "gnu++0x";
				CLANG_CXX_LIBRARY = "libc++";
				CLANG_ENABLE_MODULES = YES;
				CLANG_ENABLE_OBJC_ARC = YES;
				CLANG_WARN_BOOL_CONVERSION = YES;
				CLANG_WARN_CONSTANT_CONVERSION = YES;
				CLANG_WARN_DIRECT_OBJC_ISA_USAGE = YES_ERROR;
				CLANG_WARN_EMPTY_BODY = YES;
				CLANG_WARN_ENUM_CONVERSION = YES;
				CLANG_WARN_INT_CONVERSION = YES;
				CLANG_WARN_OBJC_ROOT_CLASS = YES_ERROR;
				CLANG_WARN_UNREACHABLE_CODE = YES;
				CLANG_WARN__DUPLICATE_METHOD_MATCH = YES;
				"CODE_SIGN_IDENTITY[sdk=iphoneos*]" = "iPhone Developer";
				COPY_PHASE_STRIP = NO;
				ENABLE_STRICT_OBJC_MSGSEND = YES;
				GCC_C_LANGUAGE_STANDARD = gnu99;
				GCC_DYNAMIC_NO_PIC = NO;
				GCC_OPTIMIZATION_LEVEL = 0;
				GCC_PREPROCESSOR_DEFINITIONS = (
					"DEBUG=1",
					"$(inherited)",
				);
				GCC_SYMBOLS_PRIVATE_EXTERN = NO;
				GCC_WARN_64_TO_32_BIT_CONVERSION = YES;
				GCC_WARN_ABOUT_RETURN_TYPE = YES_ERROR;
				GCC_WARN_UNDECLARED_SELECTOR = YES;
				GCC_WARN_UNINITIALIZED_AUTOS = YES_AGGRESSIVE;
				GCC_WARN_UNUSED_FUNCTION = YES;
				GCC_WARN_UNUSED_VARIABLE = YES;
				IPHONEOS_DEPLOYMENT_TARGET = 8.1;
				MTL_ENABLE_DEBUG_INFO = YES;
				ONLY_ACTIVE_ARCH = YES;
				SDKROOT = iphoneos;
				TARGETED_DEVICE_FAMILY = "1,2";
			};
			name = Debug;
		};
		1B982DD31BF0AB620070E01D /* Release */ = {
			isa = XCBuildConfiguration;
			buildSettings = {
				ALWAYS_SEARCH_USER_PATHS = NO;
				CLANG_CXX_LANGUAGE_STANDARD = "gnu++0x";
				CLANG_CXX_LIBRARY = "libc++";
				CLANG_ENABLE_MODULES = YES;
				CLANG_ENABLE_OBJC_ARC = YES;
				CLANG_WARN_BOOL_CONVERSION = YES;
				CLANG_WARN_CONSTANT_CONVERSION = YES;
				CLANG_WARN_DIRECT_OBJC_ISA_USAGE = YES_ERROR;
				CLANG_WARN_EMPTY_BODY = YES;
				CLANG_WARN_ENUM_CONVERSION = YES;
				CLANG_WARN_INT_CONVERSION = YES;
				CLANG_WARN_OBJC_ROOT_CLASS = YES_ERROR;
				CLANG_WARN_UNREACHABLE_CODE = YES;
				CLANG_WARN__DUPLICATE_METHOD_MATCH = YES;
				"CODE_SIGN_IDENTITY[sdk=iphoneos*]" = "iPhone Developer";
				COPY_PHASE_STRIP = YES;
				ENABLE_NS_ASSERTIONS = NO;
				ENABLE_STRICT_OBJC_MSGSEND = YES;
				GCC_C_LANGUAGE_STANDARD = gnu99;
				GCC_WARN_64_TO_32_BIT_CONVERSION = YES;
				GCC_WARN_ABOUT_RETURN_TYPE = YES_ERROR;
				GCC_WARN_UNDECLARED_SELECTOR = YES;
				GCC_WARN_UNINITIALIZED_AUTOS = YES_AGGRESSIVE;
				GCC_WARN_UNUSED_FUNCTION = YES;
				GCC_WARN_UNUSED_VARIABLE = YES;
				IPHONEOS_DEPLOYMENT_TARGET = 8.1;
				MTL_ENABLE_DEBUG_INFO = NO;
				SDKROOT = iphoneos;
				TARGETED_DEVICE_FAMILY = "1,2";
				VALIDATE_PRODUCT = YES;
			};
			name = Release;
		};
		1B982DD51BF0AB620070E01D /* Debug */ = {
			isa = XCBuildConfiguration;
			buildSettings = {
				ASSETCATALOG_COMPILER_APPICON_NAME = AppIcon;
				INFOPLIST_FILE = CoreDataSample/Info.plist;
				LD_RUNPATH_SEARCH_PATHS = "$(inherited) @executable_path/Frameworks";
				PRODUCT_NAME = "$(TARGET_NAME)";
			};
			name = Debug;
		};
		1B982DD61BF0AB620070E01D /* Release */ = {
			isa = XCBuildConfiguration;
			buildSettings = {
				ASSETCATALOG_COMPILER_APPICON_NAME = AppIcon;
				INFOPLIST_FILE = CoreDataSample/Info.plist;
				LD_RUNPATH_SEARCH_PATHS = "$(inherited) @executable_path/Frameworks";
				PRODUCT_NAME = "$(TARGET_NAME)";
			};
			name = Release;
		};
		1B982DD81BF0AB620070E01D /* Debug */ = {
			isa = XCBuildConfiguration;
			buildSettings = {
				BUNDLE_LOADER = "$(TEST_HOST)";
				FRAMEWORK_SEARCH_PATHS = (
					"$(SDKROOT)/Developer/Library/Frameworks",
					"$(inherited)",
				);
				GCC_PREPROCESSOR_DEFINITIONS = (
					"DEBUG=1",
					"$(inherited)",
				);
				INFOPLIST_FILE = CoreDataSampleTests/Info.plist;
				LD_RUNPATH_SEARCH_PATHS = "$(inherited) @executable_path/Frameworks @loader_path/Frameworks";
				PRODUCT_NAME = "$(TARGET_NAME)";
				TEST_HOST = "$(BUILT_PRODUCTS_DIR)/CoreDataSample.app/CoreDataSample";
			};
			name = Debug;
		};
		1B982DD91BF0AB620070E01D /* Release */ = {
			isa = XCBuildConfiguration;
			buildSettings = {
				BUNDLE_LOADER = "$(TEST_HOST)";
				FRAMEWORK_SEARCH_PATHS = (
					"$(SDKROOT)/Developer/Library/Frameworks",
					"$(inherited)",
				);
				INFOPLIST_FILE = CoreDataSampleTests/Info.plist;
				LD_RUNPATH_SEARCH_PATHS = "$(inherited) @executable_path/Frameworks @loader_path/Frameworks";
				PRODUCT_NAME = "$(TARGET_NAME)";
				TEST_HOST = "$(BUILT_PRODUCTS_DIR)/CoreDataSample.app/CoreDataSample";
			};
			name = Release;
		};
/* End XCBuildConfiguration section */

/* Begin XCConfigurationList section */
		1B982DA91BF0AB610070E01D /* Build configuration list for PBXProject "CoreDataSample" */ = {
			isa = XCConfigurationList;
			buildConfigurations = (
				1B982DD21BF0AB620070E01D /* Debug */,
				1B982DD31BF0AB620070E01D /* Release */,
			);
			defaultConfigurationIsVisible = 0;
			defaultConfigurationName = Release;
		};
		1B982DD41BF0AB620070E01D /* Build configuration list for PBXNativeTarget "CoreDataSample" */ = {
			isa = XCConfigurationList;
			buildConfigurations = (
				1B982DD51BF0AB620070E01D /* Debug */,
				1B982DD61BF0AB620070E01D /* Release */,
			);
			defaultConfigurationIsVisible = 0;
			defaultConfigurationName = Release;
		};
		1B982DD71BF0AB620070E01D /* Build configuration list for PBXNativeTarget "CoreDataSampleTests" */ = {
			isa = XCConfigurationList;
			buildConfigurations = (
				1B982DD81BF0AB620070E01D /* Debug */,
				1B982DD91BF0AB620070E01D /* Release */,
			);
			defaultConfigurationIsVisible = 0;
			defaultConfigurationName = Release;
		};
/* End XCConfigurationList section */

/* Begin XCVersionGroup section */
		1B982DEA1BF0B0990070E01D /* Model.xcdatamodeld */ = {
			isa = XCVersionGroup;
			children = (
				1B982DEB1BF0B0990070E01D /* Model.xcdatamodel */,
			);
			currentVersion = 1B982DEB1BF0B0990070E01D /* Model.xcdatamodel */;
			path = Model.xcdatamodeld;
			sourceTree = "<group>";
			versionGroupType = wrapper.xcdatamodel;
		};
/* End XCVersionGroup section */
	};
	rootObject = 1B982DA61BF0AB610070E01D /* Project object */;
}
